# This file is autogenerated, do not edit; changes may be undone by the next 'dep ensure'.


[[projects]]
  name = "github.com/asaskevich/govalidator"
  packages = ["."]
  revision = "ccb8e960c48f04d6935e72476ae4a51028f9e22f"
  version = "v9"

[[projects]]
  branch = "master"
  name = "github.com/vjeantet/jodaTime"
  packages = ["."]
  revision = "be924ce213fb35f66c810b61e051965eb78b82d0"

[[projects]]
  branch = "master"
  name = "golang.org/x/crypto"
  packages = [
    "curve25519",
    "ed25519",
    "ed25519/internal/edwards25519",
    "internal/chacha20",
    "poly1305",
    "ssh"
  ]
  revision = "80db560fac1fb3e6ac81dbc7f8ae4c061f5257bd"

[[projects]]
  name = "gopkg.in/yaml.v2"
  packages = ["."]
  revision = "5420a8b6744d3b0345ab293f6fcba19c978f1183"
  version = "v2.2.1"

[solve-meta]
  analyzer-name = "dep"
  analyzer-version = 1
  inputs-digest = "62fc44f83fd6c8e1ffc0180a82045b3fcb6939a7baa21aa7fcb8c9fd8812e451"
  solver-name = "gps-cdcl"
  solver-version = 1
